
Microsoft Visual Studio Solution File, Format Version 12.00
# Visual Studio Version 16
VisualStudioVersion = 16.0.810.6
MinimumVisualStudioVersion = 10.0.40219.1
Project("{FAE04EC0-301F-11D3-BF4B-00C04F79EFBC}") = "Calculator.Domain", "Calculator.Domain\Calculator.Domain.csproj", "{0FFAE089-2735-45F3-90D7-A16A4EC44D71}"
EndProject
Project("{FAE04EC0-301F-11D3-BF4B-00C04F79EFBC}") = "Calculator.Tests", "Calculator.Tests\Calculator.Tests.csproj", "{499317EF-07B9-4111-BB97-C79A27C79A5B}"
EndProject
Global
	GlobalSection(SolutionConfigurationPlatforms) = preSolution
		Debug|Any CPU = Debug|Any CPU
		Release|Any CPU = Release|Any CPU
	EndGlobalSection
	GlobalSection(ProjectConfigurationPlatforms) = postSolution
		{0FFAE089-2735-45F3-90D7-A16A4EC44D71}.Debug|Any CPU.ActiveCfg = Debug|Any CPU
		{0FFAE089-2735-45F3-90D7-A16A4EC44D71}.Debug|Any CPU.Build.0 = Debug|Any CPU
		{0FFAE089-2735-45F3-90D7-A16A4EC44D71}.Release|Any CPU.ActiveCfg = Release|Any CPU
		{0FFAE089-2735-45F3-90D7-A16A4EC44D71}.Release|Any CPU.Build.0 = Release|Any CPU
		{499317EF-07B9-4111-BB97-C79A27C79A5B}.Debug|Any CPU.ActiveCfg = Debug|Any CPU
		{499317EF-07B9-4111-BB97-C79A27C79A5B}.Debug|Any CPU.Build.0 = Debug|Any CPU
		{499317EF-07B9-4111-BB97-C79A27C79A5B}.Release|Any CPU.ActiveCfg = Release|Any CPU
		{499317EF-07B9-4111-BB97-C79A27C79A5B}.Release|Any CPU.Build.0 = Release|Any CPU
	EndGlobalSection
	GlobalSection(SolutionProperties) = preSolution
		HideSolutionNode = FALSE
	EndGlobalSection
	GlobalSection(ExtensibilityGlobals) = postSolution
		SolutionGuid = {D0BCAD0D-0B10-43C4-A8BA-BAC17CD5263F}
	EndGlobalSection
EndGlobal
